// !$*UTF8*$!
{
	archiveVersion = 1;
	classes = {
	};
	objectVersion = 77;
	objects = {

/* Begin PBXBuildFile section */
		C7A1E00D3054000000A00001 /* OneTwentyLiveActivity.appex in Embed Foundation Extensions */ = {isa = PBXBuildFile; fileRef = C7A1E0023054000000A00001 /* OneTwentyLiveActivity.appex */; settings = {ATTRIBUTES = (RemoveHeadersOnCopy, ); }; };
/* End PBXBuildFile section */

/* Begin PBXContainerItemProxy section */
		B691B3563053F2EA004CB48A /* PBXContainerItemProxy */ = {
			isa = PBXContainerItemProxy;
			containerPortal = B691B3403053F2E8004CB48A /* Project object */;
			proxyType = 1;
			remoteGlobalIDString = B691B3473053F2E8004CB48A;
			remoteInfo = OneTwenty;
		};
		B691B3603053F2EA004CB48A /* PBXContainerItemProxy */ = {
			isa = PBXContainerItemProxy;
			containerPortal = B691B3403053F2E8004CB48A /* Project object */;
			proxyType = 1;
			remoteGlobalIDString = B691B3473053F2E8004CB48A;
			remoteInfo = OneTwenty;
		};
		C7A1E00E3054000000A00001 /* PBXContainerItemProxy */ = {
			isa = PBXContainerItemProxy;
			containerPortal = B691B3403053F2E8004CB48A /* Project object */;
			proxyType = 1;
			remoteGlobalIDString = C7A1E0013054000000A00001;
			remoteInfo = OneTwentyLiveActivity;
		};
/* End PBXContainerItemProxy section */

/* Begin PBXCopyFilesBuildPhase section */
		C7A1E00C3054000000A00001 /* Embed Foundation Extensions */ = {
			isa = PBXCopyFilesBuildPhase;
			buildActionMask = 2147483647;
			dstPath = "";
			dstSubfolderSpec = 13;
			files = (
				C7A1E00D3054000000A00001 /* OneTwentyLiveActivity.appex in Embed Foundation Extensions */,
			);
			name = "Embed Foundation Extensions";
			runOnlyForDeploymentPostprocessing = 0;
		};
/* End PBXCopyFilesBuildPhase section */

/* Begin PBXFileReference section */
		B691B3483053F2E8004CB48A /* OneTwenty.app */ = {isa = PBXFileReference; explicitFileType = wrapper.application; includeInIndex = 0; path = OneTwenty.app; sourceTree = BUILT_PRODUCTS_DIR; };
		B691B3553053F2EA004CB48A /* OneTwentyTests.xctest */ = {isa = PBXFileReference; explicitFileType = wrapper.cfbundle; includeInIndex = 0; path = OneTwentyTests.xctest; sourceTree = BUILT_PRODUCTS_DIR; };
		B691B35F3053F2EA004CB48A /* OneTwentyUITests.xctest */ = {isa = PBXFileReference; explicitFileType = wrapper.cfbundle; includeInIndex = 0; path = OneTwentyUITests.xctest; sourceTree = BUILT_PRODUCTS_DIR; };
		C7A1E0023054000000A00001 /* OneTwentyLiveActivity.appex */ = {isa = PBXFileReference; explicitFileType = "wrapper.app-extension"; includeInIndex = 0; path = OneTwentyLiveActivity.appex; sourceTree = BUILT_PRODUCTS_DIR; };
/* End PBXFileReference section */

/* Begin PBXFileSystemSynchronizedBuildFileExceptionSet section */
		C7A1E0073054000000A00001 /* Exceptions for "OneTwentyLiveActivity" folder in "OneTwentyLiveActivity" target */ = {
			isa = PBXFileSystemSynchronizedBuildFileExceptionSet;
			membershipExceptions = (
				Info.plist,
			);
			target = C7A1E0013054000000A00001 /* OneTwentyLiveActivity */;
		};
/* End PBXFileSystemSynchronizedBuildFileExceptionSet section */

/* Begin PBXFileSystemSynchronizedRootGroup section */
		B691B34A3053F2E8004CB48A /* OneTwenty */ = {
			isa = PBXFileSystemSynchronizedRootGroup;
			path = OneTwenty;
			sourceTree = "<group>";
		};
		B691B3583053F2EA004CB48A /* OneTwentyTests */ = {
			isa = PBXFileSystemSynchronizedRootGroup;
			path = OneTwentyTests;
			sourceTree = "<group>";
		};
		B691B3623053F2EA004CB48A /* OneTwentyUITests */ = {
			isa = PBXFileSystemSynchronizedRootGroup;
			path = OneTwentyUITests;
			sourceTree = "<group>";
		};
		C7A1E0063054000000A00001 /* OneTwentyLiveActivity */ = {
			isa = PBXFileSystemSynchronizedRootGroup;
			exceptions = (
				C7A1E0073054000000A00001 /* Exceptions for "OneTwentyLiveActivity" folder in "OneTwentyLiveActivity" target */,
			);
			path = OneTwentyLiveActivity;
			sourceTree = "<group>";
		};
		C7A1E0083054000000A00001 /* Shared */ = {
			isa = PBXFileSystemSynchronizedRootGroup;
			path = Shared;
			sourceTree = "<group>";
		};
/* End PBXFileSystemSynchronizedRootGroup section */

/* Begin PBXFrameworksBuildPhase section */
		B691B3453053F2E8004CB48A /* Frameworks */ = {
			isa = PBXFrameworksBuildPhase;
			buildActionMask = 2147483647;
			files = (
			);
			runOnlyForDeploymentPostprocessing = 0;
		};
		B691B3523053F2EA004CB48A /* Frameworks */ = {
			isa = PBXFrameworksBuildPhase;
			buildActionMask = 2147483647;
			files = (
			);
			runOnlyForDeploymentPostprocessing = 0;
		};
		B691B35C3053F2EA004CB48A /* Frameworks */ = {
			isa = PBXFrameworksBuildPhase;
			buildActionMask = 2147483647;
			files = (
			);
			runOnlyForDeploymentPostprocessing = 0;
		};
		C7A1E0043054000000A00001 /* Frameworks */ = {
			isa = PBXFrameworksBuildPhase;
			buildActionMask = 2147483647;
			files = (
			);
			runOnlyForDeploymentPostprocessing = 0;
		};
/* End PBXFrameworksBuildPhase section */

/* Begin PBXGroup section */
		B691B33F3053F2E8004CB48A = {
			isa = PBXGroup;
			children = (
				B691B34A3053F2E8004CB48A /* OneTwenty */,
				B691B3583053F2EA004CB48A /* OneTwentyTests */,
				B691B3623053F2EA004CB48A /* OneTwentyUITests */,
				C7A1E0063054000000A00001 /* OneTwentyLiveActivity */,
				C7A1E0083054000000A00001 /* Shared */,
				B691B3493053F2E8004CB48A /* Products */,
			);
			sourceTree = "<group>";
		};
		B691B3493053F2E8004CB48A /* Products */ = {
			isa = PBXGroup;
			children = (
				B691B3483053F2E8004CB48A /* OneTwenty.app */,
				B691B3553053F2EA004CB48A /* OneTwentyTests.xctest */,
				B691B35F3053F2EA004CB48A /* OneTwentyUITests.xctest */,
				C7A1E0023054000000A00001 /* OneTwentyLiveActivity.appex */,
			);
			name = Products;
			sourceTree = "<group>";
		};
/* End PBXGroup section */

/* Begin PBXNativeTarget section */
		B691B3473053F2E8004CB48A /* OneTwenty */ = {
			isa = PBXNativeTarget;
			buildConfigurationList = B691B3693053F2EA004CB48A /* Build configuration list for PBXNativeTarget "OneTwenty" */;
			buildPhases = (
				B691B3443053F2E8004CB48A /* Sources */,
				B691B3453053F2E8004CB48A /* Frameworks */,
				B691B3463053F2E8004CB48A /* Resources */,
				C7A1E00C3054000000A00001 /* Embed Foundation Extensions */,
			);
			buildRules = (
			);
			dependencies = (
				C7A1E00F3054000000A00001 /* PBXTargetDependency */,
			);
			fileSystemSynchronizedGroups = (
				B691B34A3053F2E8004CB48A /* OneTwenty */,
				C7A1E0083054000000A00001 /* Shared */,
			);
			name = OneTwenty;
			packageProductDependencies = (
			);
			productName = OneTwenty;
			productReference = B691B3483053F2E8004CB48A /* OneTwenty.app */;
			productType = "com.apple.product-type.application";
		};
		B691B3543053F2EA004CB48A /* OneTwentyTests */ = {
			isa = PBXNativeTarget;
			buildConfigurationList = B691B36C3053F2EA004CB48A /* Build configuration list for PBXNativeTarget "OneTwentyTests" */;
			buildPhases = (
				B691B3513053F2EA004CB48A /* Sources */,
				B691B3523053F2EA004CB48A /* Frameworks */,
				B691B3533053F2EA004CB48A /* Resources */,
			);
			buildRules = (
			);
			dependencies = (
				B691B3573053F2EA004CB48A /* PBXTargetDependency */,
			);
			fileSystemSynchronizedGroups = (
				B691B3583053F2EA004CB48A /* OneTwentyTests */,
			);
			name = OneTwentyTests;
			packageProductDependencies = (
			);
			productName = OneTwentyTests;
			productReference = B691B3553053F2EA004CB48A /* OneTwentyTests.xctest */;
			productType = "com.apple.product-type.bundle.unit-test";
		};
		B691B35E3053F2EA004CB48A /* OneTwentyUITests */ = {
			isa = PBXNativeTarget;
			buildConfigurationList = B691B36F3053F2EA004CB48A /* Build configuration list for PBXNativeTarget "OneTwentyUITests" */;
			buildPhases = (
				B691B35B3053F2EA004CB48A /* Sources */,
				B691B35C3053F2EA004CB48A /* Frameworks */,
				B691B35D3053F2EA004CB48A /* Resources */,
			);
			buildRules = (
			);
			dependencies = (
				B691B3613053F2EA004CB48A /* PBXTargetDependency */,
			);
			fileSystemSynchronizedGroups = (
				B691B3623053F2EA004CB48A /* OneTwentyUITests */,
			);
			name = OneTwentyUITests;
			packageProductDependencies = (
			);
			productName = OneTwentyUITests;
			productReference = B691B35F3053F2EA004CB48A /* OneTwentyUITests.xctest */;
			productType = "com.apple.product-type.bundle.ui-testing";
		};
		C7A1E0013054000000A00001 /* OneTwentyLiveActivity */ = {
			isa = PBXNativeTarget;
			buildConfigurationList = C7A1E0093054000000A00001 /* Build configuration list for PBXNativeTarget "OneTwentyLiveActivity" */;
			buildPhases = (
				C7A1E0033054000000A00001 /* Sources */,
				C7A1E0043054000000A00001 /* Frameworks */,
				C7A1E0053054000000A00001 /* Resources */,
			);
			buildRules = (
			);
			dependencies = (
			);
			fileSystemSynchronizedGroups = (
				C7A1E0063054000000A00001 /* OneTwentyLiveActivity */,
				C7A1E0083054000000A00001 /* Shared */,
			);
			name = OneTwentyLiveActivity;
			packageProductDependencies = (
			);
			productName = OneTwentyLiveActivity;
			productReference = C7A1E0023054000000A00001 /* OneTwentyLiveActivity.appex */;
			productType = "com.apple.product-type.app-extension";
		};
/* End PBXNativeTarget section */

/* Begin PBXProject section */
		B691B3403053F2E8004CB48A /* Project object */ = {
			isa = PBXProject;
			attributes = {
				BuildIndependentTargetsInParallel = 1;
				LastSwiftUpdateCheck = 2660;
				LastUpgradeCheck = 2660;
				TargetAttributes = {
					B691B3473053F2E8004CB48A = {
						CreatedOnToolsVersion = 26.6;
					};
					B691B3543053F2EA004CB48A = {
						CreatedOnToolsVersion = 26.6;
						TestTargetID = B691B3473053F2E8004CB48A;
					};
					B691B35E3053F2EA004CB48A = {
						CreatedOnToolsVersion = 26.6;
						TestTargetID = B691B3473053F2E8004CB48A;
					};
					C7A1E0013054000000A00001 = {
						CreatedOnToolsVersion = 26.6;
					};
				};
			};
			buildConfigurationList = B691B3433053F2E8004CB48A /* Build configuration list for PBXProject "OneTwenty" */;
			developmentRegion = en;
			hasScannedForEncodings = 0;
			knownRegions = (
				en,
				Base,
				ja,
			);
			mainGroup = B691B33F3053F2E8004CB48A;
			minimizedProjectReferenceProxies = 1;
			preferredProjectObjectVersion = 77;
			productRefGroup = B691B3493053F2E8004CB48A /* Products */;
			projectDirPath = "";
			projectRoot = "";
			targets = (
				B691B3473053F2E8004CB48A /* OneTwenty */,
				B691B3543053F2EA004CB48A /* OneTwentyTests */,
				B691B35E3053F2EA004CB48A /* OneTwentyUITests */,
				C7A1E0013054000000A00001 /* OneTwentyLiveActivity */,
			);
		};
/* End PBXProject section */

/* Begin PBXResourcesBuildPhase section */
		B691B3463053F2E8004CB48A /* Resources */ = {
			isa = PBXResourcesBuildPhase;
			buildActionMask = 2147483647;
			files = (
			);
			runOnlyForDeploymentPostprocessing = 0;
		};
		B691B3533053F2EA004CB48A /* Resources */ = {
			isa = PBXResourcesBuildPhase;
			buildActionMask = 2147483647;
			files = (
			);
			runOnlyForDeploymentPostprocessing = 0;
		};
		B691B35D3053F2EA004CB48A /* Resources */ = {
			isa = PBXResourcesBuildPhase;
			buildActionMask = 2147483647;
			files = (
			);
			runOnlyForDeploymentPostprocessing = 0;
		};
		C7A1E0053054000000A00001 /* Resources */ = {
			isa = PBXResourcesBuildPhase;
			buildActionMask = 2147483647;
			files = (
			);
			runOnlyForDeploymentPostprocessing = 0;
		};
/* End PBXResourcesBuildPhase section */

/* Begin PBXSourcesBuildPhase section */
		B691B3443053F2E8004CB48A /* Sources */ = {
			isa = PBXSourcesBuildPhase;
			buildActionMask = 2147483647;
			files = (
			);
			runOnlyForDeploymentPostprocessing = 0;
		};
		B691B3513053F2EA004CB48A /* Sources */ = {
			isa = PBXSourcesBuildPhase;
			buildActionMask = 2147483647;
			files = (
			);
			runOnlyForDeploymentPostprocessing = 0;
		};
		B691B35B3053F2EA004CB48A /* Sources */ = {
			isa = PBXSourcesBuildPhase;
			buildActionMask = 2147483647;
			files = (
			);
			runOnlyForDeploymentPostprocessing = 0;
		};
		C7A1E0033054000000A00001 /* Sources */ = {
			isa = PBXSourcesBuildPhase;
			buildActionMask = 2147483647;
			files = (
			);
			runOnlyForDeploymentPostprocessing = 0;
		};
/* End PBXSourcesBuildPhase section */

/* Begin PBXTargetDependency section */
		B691B3573053F2EA004CB48A /* PBXTargetDependency */ = {
			isa = PBXTargetDependency;
			target = B691B3473053F2E8004CB48A /* OneTwenty */;
			targetProxy = B691B3563053F2EA004CB48A /* PBXContainerItemProxy */;
		};
		B691B3613053F2EA004CB48A /* PBXTargetDependency */ = {
			isa = PBXTargetDependency;
			target = B691B3473053F2E8004CB48A /* OneTwenty */;
			targetProxy = B691B3603053F2EA004CB48A /* PBXContainerItemProxy */;
		};
		C7A1E00F3054000000A00001 /* PBXTargetDependency */ = {
			isa = PBXTargetDependency;
			target = C7A1E0013054000000A00001 /* OneTwentyLiveActivity */;
			targetProxy = C7A1E00E3054000000A00001 /* PBXContainerItemProxy */;
		};
/* End PBXTargetDependency section */

/* Begin XCBuildConfiguration section */
		B691B3673053F2EA004CB48A /* Debug */ = {
			isa = XCBuildConfiguration;
			buildSettings = {
				ALWAYS_SEARCH_USER_PATHS = NO;
				ASSETCATALOG_COMPILER_GENERATE_SWIFT_ASSET_SYMBOL_EXTENSIONS = YES;
				CLANG_ANALYZER_NONNULL = YES;
				CLANG_ANALYZER_NUMBER_OBJECT_CONVERSION = YES_AGGRESSIVE;
				CLANG_CXX_LANGUAGE_STANDARD = "gnu++20";
				CLANG_ENABLE_MODULES = YES;
				CLANG_ENABLE_OBJC_ARC = YES;
				CLANG_ENABLE_OBJC_WEAK = YES;
				CLANG_WARN_BLOCK_CAPTURE_AUTORELEASING = YES;
				CLANG_WARN_BOOL_CONVERSION = YES;
				CLANG_WARN_COMMA = YES;
				CLANG_WARN_CONSTANT_CONVERSION = YES;
				CLANG_WARN_DEPRECATED_OBJC_IMPLEMENTATIONS = YES;
				CLANG_WARN_DIRECT_OBJC_ISA_USAGE = YES_ERROR;
				CLANG_WARN_DOCUMENTATION_COMMENTS = YES;
				CLANG_WARN_EMPTY_BODY = YES;
				CLANG_WARN_ENUM_CONVERSION = YES;
				CLANG_WARN_INFINITE_RECURSION = YES;
				CLANG_WARN_INT_CONVERSION = YES;
				CLANG_WARN_NON_LITERAL_NULL_CONVERSION = YES;
				CLANG_WARN_OBJC_IMPLICIT_RETAIN_SELF = YES;
				CLANG_WARN_OBJC_LITERAL_CONVERSION = YES;
				CLANG_WARN_OBJC_ROOT_CLASS = YES_ERROR;
				CLANG_WARN_QUOTED_INCLUDE_IN_FRAMEWORK_HEADER = YES;
				CLANG_WARN_RANGE_LOOP_ANALYSIS = YES;
				CLANG_WARN_STRICT_PROTOTYPES = YES;
				CLANG_WARN_SUSPICIOUS_MOVE = YES;
				CLANG_WARN_UNGUARDED_AVAILABILITY = YES_AGGRESSIVE;
				CLANG_WARN_UNREACHABLE_CODE = YES;
				CLANG_WARN__DUPLICATE_METHOD_MATCH = YES;
				COPY_PHASE_STRIP = NO;
				DEBUG_INFORMATION_FORMAT = dwarf;
				DEVELOPMENT_TEAM = ZMGKDKRUW7;
				ENABLE_STRICT_OBJC_MSGSEND = YES;
				ENABLE_TESTABILITY = YES;
				ENABLE_USER_SCRIPT_SANDBOXING = YES;
				GCC_C_LANGUAGE_STANDARD = gnu17;
				GCC_DYNAMIC_NO_PIC = NO;
				GCC_NO_COMMON_BLOCKS = YES;
				GCC_OPTIMIZATION_LEVEL = 0;
				GCC_PREPROCESSOR_DEFINITIONS = (
					"DEBUG=1",
					"$(inherited)",
				);
				GCC_WARN_64_TO_32_BIT_CONVERSION = YES;
				GCC_WARN_ABOUT_RETURN_TYPE = YES_ERROR;
				GCC_WARN_UNDECLARED_SELECTOR = YES;
				GCC_WARN_UNINITIALIZED_AUTOS = YES_AGGRESSIVE;
				GCC_WARN_UNUSED_FUNCTION = YES;
				GCC_WARN_UNUSED_VARIABLE = YES;
				IPHONEOS_DEPLOYMENT_TARGET = 26.0;
				LOCALIZATION_PREFERS_STRING_CATALOGS = YES;
				MTL_ENABLE_DEBUG_INFO = INCLUDE_SOURCE;
				MTL_FAST_MATH = YES;
				ONLY_ACTIVE_ARCH = YES;
				SDKROOT = iphoneos;
				SWIFT_ACTIVE_COMPILATION_CONDITIONS = "DEBUG $(inherited)";
				SWIFT_OPTIMIZATION_LEVEL = "-Onone";
			};
			name = Debug;
		};
		B691B3683053F2EA004CB48A /* Release */ = {
			isa = XCBuildConfiguration;
			buildSettings = {
				ALWAYS_SEARCH_USER_PATHS = NO;
				ASSETCATALOG_COMPILER_GENERATE_SWIFT_ASSET_SYMBOL_EXTENSIONS = YES;
				CLANG_ANALYZER_NONNULL = YES;
				CLANG_ANALYZER_NUMBER_OBJECT_CONVERSION = YES_AGGRESSIVE;
				CLANG_CXX_LANGUAGE_STANDARD = "gnu++20";
				CLANG_ENABLE_MODULES = YES;
				CLANG_ENABLE_OBJC_ARC = YES;
				CLANG_ENABLE_OBJC_WEAK = YES;
				CLANG_WARN_BLOCK_CAPTURE_AUTORELEASING = YES;
				CLANG_WARN_BOOL_CONVERSION = YES;
				CLANG_WARN_COMMA = YES;
				CLANG_WARN_CONSTANT_CONVERSION = YES;
				CLANG_WARN_DEPRECATED_OBJC_IMPLEMENTATIONS = YES;
				CLANG_WARN_DIRECT_OBJC_ISA_USAGE = YES_ERROR;
				CLANG_WARN_DOCUMENTATION_COMMENTS = YES;
				CLANG_WARN_EMPTY_BODY = YES;
				CLANG_WARN_ENUM_CONVERSION = YES;
				CLANG_WARN_INFINITE_RECURSION = YES;
				CLANG_WARN_INT_CONVERSION = YES;
				CLANG_WARN_NON_LITERAL_NULL_CONVERSION = YES;
				CLANG_WARN_OBJC_IMPLICIT_RETAIN_SELF = YES;
				CLANG_WARN_OBJC_LITERAL_CONVERSION = YES;
				CLANG_WARN_OBJC_ROOT_CLASS = YES_ERROR;
				CLANG_WARN_QUOTED_INCLUDE_IN_FRAMEWORK_HEADER = YES;
				CLANG_WARN_RANGE_LOOP_ANALYSIS = YES;
				CLANG_WARN_STRICT_PROTOTYPES = YES;
				CLANG_WARN_SUSPICIOUS_MOVE = YES;
				CLANG_WARN_UNGUARDED_AVAILABILITY = YES_AGGRESSIVE;
				CLANG_WARN_UNREACHABLE_CODE = YES;
				CLANG_WARN__DUPLICATE_METHOD_MATCH = YES;
				COPY_PHASE_STRIP = NO;
				DEBUG_INFORMATION_FORMAT = "dwarf-with-dsym";
				DEVELOPMENT_TEAM = ZMGKDKRUW7;
				ENABLE_NS_ASSERTIONS = NO;
				ENABLE_STRICT_OBJC_MSGSEND = YES;
				ENABLE_USER_SCRIPT_SANDBOXING = YES;
				GCC_C_LANGUAGE_STANDARD = gnu17;
				GCC_NO_COMMON_BLOCKS = YES;
				GCC_WARN_64_TO_32_BIT_CONVERSION = YES;
				GCC_WARN_ABOUT_RETURN_TYPE = YES_ERROR;
				GCC_WARN_UNDECLARED_SELECTOR = YES;
				GCC_WARN_UNINITIALIZED_AUTOS = YES_AGGRESSIVE;
				GCC_WARN_UNUSED_FUNCTION = YES;
				GCC_WARN_UNUSED_VARIABLE = YES;
				IPHONEOS_DEPLOYMENT_TARGET = 26.0;
				LOCALIZATION_PREFERS_STRING_CATALOGS = YES;
				MTL_ENABLE_DEBUG_INFO = NO;
				MTL_FAST_MATH = YES;
				SDKROOT = iphoneos;
				SWIFT_COMPILATION_MODE = wholemodule;
				VALIDATE_PRODUCT = YES;
			};
			name = Release;
		};
		B691B36A3053F2EA004CB48A /* Debug */ = {
			isa = XCBuildConfiguration;
			buildSettings = {
				ASSETCATALOG_COMPILER_APPICON_NAME = AppIcon;
				ASSETCATALOG_COMPILER_GLOBAL_ACCENT_COLOR_NAME = AccentColor;
				CODE_SIGN_STYLE = Automatic;
				CURRENT_PROJECT_VERSION = 1;
				DEVELOPMENT_TEAM = ZMGKDKRUW7;
				ENABLE_PREVIEWS = YES;
				GENERATE_INFOPLIST_FILE = YES;
				INFOPLIST_FILE = "Config/OneTwenty-Info.plist";
				INFOPLIST_KEY_ITSAppUsesNonExemptEncryption = NO;
				INFOPLIST_KEY_NSSupportsLiveActivities = YES;
				INFOPLIST_KEY_UIApplicationSceneManifest_Generation = YES;
				INFOPLIST_KEY_UIApplicationSupportsIndirectInputEvents = YES;
				INFOPLIST_KEY_UILaunchScreen_Generation = YES;
				INFOPLIST_KEY_UISupportedInterfaceOrientations_iPhone = UIInterfaceOrientationPortrait;
				LD_RUNPATH_SEARCH_PATHS = (
					"$(inherited)",
					"@executable_path/Frameworks",
				);
				MARKETING_VERSION = 1.0;
				PRODUCT_BUNDLE_IDENTIFIER = com.yagishi.onetwenty;
				PRODUCT_NAME = "$(TARGET_NAME)";
				STRING_CATALOG_GENERATE_SYMBOLS = YES;
				SWIFT_APPROACHABLE_CONCURRENCY = YES;
				SWIFT_DEFAULT_ACTOR_ISOLATION = MainActor;
				SWIFT_EMIT_LOC_STRINGS = YES;
				SWIFT_UPCOMING_FEATURE_MEMBER_IMPORT_VISIBILITY = YES;
				SWIFT_VERSION = 5.0;
				TARGETED_DEVICE_FAMILY = 1;
			};
			name = Debug;
		};
		B691B36B3053F2EA004CB48A /* Release */ = {
			isa = XCBuildConfiguration;
			buildSettings = {
				ASSETCATALOG_COMPILER_APPICON_NAME = AppIcon;
				ASSETCATALOG_COMPILER_GLOBAL_ACCENT_COLOR_NAME = AccentColor;
				CODE_SIGN_STYLE = Automatic;
				CURRENT_PROJECT_VERSION = 1;
				DEVELOPMENT_TEAM = ZMGKDKRUW7;
				ENABLE_PREVIEWS = YES;
				GENERATE_INFOPLIST_FILE = YES;
				INFOPLIST_FILE = "Config/OneTwenty-Info.plist";
				INFOPLIST_KEY_ITSAppUsesNonExemptEncryption = NO;
				INFOPLIST_KEY_NSSupportsLiveActivities = YES;
				INFOPLIST_KEY_UIApplicationSceneManifest_Generation = YES;
				INFOPLIST_KEY_UIApplicationSupportsIndirectInputEvents = YES;
				INFOPLIST_KEY_UILaunchScreen_Generation = YES;
				INFOPLIST_KEY_UISupportedInterfaceOrientations_iPhone = UIInterfaceOrientationPortrait;
				LD_RUNPATH_SEARCH_PATHS = (
					"$(inherited)",
					"@executable_path/Frameworks",
				);
				MARKETING_VERSION = 1.0;
				PRODUCT_BUNDLE_IDENTIFIER = com.yagishi.onetwenty;
				PRODUCT_NAME = "$(TARGET_NAME)";
				STRING_CATALOG_GENERATE_SYMBOLS = YES;
				SWIFT_APPROACHABLE_CONCURRENCY = YES;
				SWIFT_DEFAULT_ACTOR_ISOLATION = MainActor;
				SWIFT_EMIT_LOC_STRINGS = YES;
				SWIFT_UPCOMING_FEATURE_MEMBER_IMPORT_VISIBILITY = YES;
				SWIFT_VERSION = 5.0;
				TARGETED_DEVICE_FAMILY = 1;
			};
			name = Release;
		};
		B691B36D3053F2EA004CB48A /* Debug */ = {
			isa = XCBuildConfiguration;
			buildSettings = {
				BUNDLE_LOADER = "$(TEST_HOST)";
				CODE_SIGN_STYLE = Automatic;
				CURRENT_PROJECT_VERSION = 1;
				DEVELOPMENT_TEAM = ZMGKDKRUW7;
				GENERATE_INFOPLIST_FILE = YES;
				IPHONEOS_DEPLOYMENT_TARGET = 26.0;
				MARKETING_VERSION = 1.0;
				PRODUCT_BUNDLE_IDENTIFIER = com.yagishi.OneTwentyTests;
				PRODUCT_NAME = "$(TARGET_NAME)";
				STRING_CATALOG_GENERATE_SYMBOLS = NO;
				SWIFT_APPROACHABLE_CONCURRENCY = YES;
				SWIFT_EMIT_LOC_STRINGS = NO;
				SWIFT_UPCOMING_FEATURE_MEMBER_IMPORT_VISIBILITY = YES;
				SWIFT_VERSION = 5.0;
				TARGETED_DEVICE_FAMILY = 1;
				TEST_HOST = "$(BUILT_PRODUCTS_DIR)/OneTwenty.app/$(BUNDLE_EXECUTABLE_FOLDER_PATH)/OneTwenty";
			};
			name = Debug;
		};
		B691B36E3053F2EA004CB48A /* Release */ = {
			isa = XCBuildConfiguration;
			buildSettings = {
				BUNDLE_LOADER = "$(TEST_HOST)";
				CODE_SIGN_STYLE = Automatic;
				CURRENT_PROJECT_VERSION = 1;
				DEVELOPMENT_TEAM = ZMGKDKRUW7;
				GENERATE_INFOPLIST_FILE = YES;
				IPHONEOS_DEPLOYMENT_TARGET = 26.0;
				MARKETING_VERSION = 1.0;
				PRODUCT_BUNDLE_IDENTIFIER = com.yagishi.OneTwentyTests;
				PRODUCT_NAME = "$(TARGET_NAME)";
				STRING_CATALOG_GENERATE_SYMBOLS = NO;
				SWIFT_APPROACHABLE_CONCURRENCY = YES;
				SWIFT_EMIT_LOC_STRINGS = NO;
				SWIFT_UPCOMING_FEATURE_MEMBER_IMPORT_VISIBILITY = YES;
				SWIFT_VERSION = 5.0;
				TARGETED_DEVICE_FAMILY = 1;
				TEST_HOST = "$(BUILT_PRODUCTS_DIR)/OneTwenty.app/$(BUNDLE_EXECUTABLE_FOLDER_PATH)/OneTwenty";
			};
			name = Release;
		};
		B691B3703053F2EA004CB48A /* Debug */ = {
			isa = XCBuildConfiguration;
			buildSettings = {
				CODE_SIGN_STYLE = Automatic;
				CURRENT_PROJECT_VERSION = 1;
				DEVELOPMENT_TEAM = ZMGKDKRUW7;
				GENERATE_INFOPLIST_FILE = YES;
				MARKETING_VERSION = 1.0;
				PRODUCT_BUNDLE_IDENTIFIER = com.yagishi.OneTwentyUITests;
				PRODUCT_NAME = "$(TARGET_NAME)";
				STRING_CATALOG_GENERATE_SYMBOLS = NO;
				SWIFT_APPROACHABLE_CONCURRENCY = YES;
				SWIFT_EMIT_LOC_STRINGS = NO;
				SWIFT_UPCOMING_FEATURE_MEMBER_IMPORT_VISIBILITY = YES;
				SWIFT_VERSION = 5.0;
				TARGETED_DEVICE_FAMILY = 1;
				TEST_TARGET_NAME = OneTwenty;
			};
			name = Debug;
		};
		B691B3713053F2EA004CB48A /* Release */ = {
			isa = XCBuildConfiguration;
			buildSettings = {
				CODE_SIGN_STYLE = Automatic;
				CURRENT_PROJECT_VERSION = 1;
				DEVELOPMENT_TEAM = ZMGKDKRUW7;
				GENERATE_INFOPLIST_FILE = YES;
				MARKETING_VERSION = 1.0;
				PRODUCT_BUNDLE_IDENTIFIER = com.yagishi.OneTwentyUITests;
				PRODUCT_NAME = "$(TARGET_NAME)";
				STRING_CATALOG_GENERATE_SYMBOLS = NO;
				SWIFT_APPROACHABLE_CONCURRENCY = YES;
				SWIFT_EMIT_LOC_STRINGS = NO;
				SWIFT_UPCOMING_FEATURE_MEMBER_IMPORT_VISIBILITY = YES;
				SWIFT_VERSION = 5.0;
				TARGETED_DEVICE_FAMILY = 1;
				TEST_TARGET_NAME = OneTwenty;
			};
			name = Release;
		};
		C7A1E00A3054000000A00001 /* Debug */ = {
			isa = XCBuildConfiguration;
			buildSettings = {
				CODE_SIGN_STYLE = Automatic;
				CURRENT_PROJECT_VERSION = 1;
				DEVELOPMENT_TEAM = ZMGKDKRUW7;
				GENERATE_INFOPLIST_FILE = YES;
				INFOPLIST_FILE = OneTwentyLiveActivity/Info.plist;
				INFOPLIST_KEY_CFBundleDisplayName = OneTwenty;
				LD_RUNPATH_SEARCH_PATHS = (
					"$(inherited)",
					"@executable_path/Frameworks",
					"@executable_path/../../Frameworks",
				);
				MARKETING_VERSION = 1.0;
				PRODUCT_BUNDLE_IDENTIFIER = com.yagishi.onetwenty.LiveActivity;
				PRODUCT_NAME = "$(TARGET_NAME)";
				SKIP_INSTALL = YES;
				STRING_CATALOG_GENERATE_SYMBOLS = YES;
				SWIFT_APPROACHABLE_CONCURRENCY = YES;
				SWIFT_EMIT_LOC_STRINGS = YES;
				SWIFT_UPCOMING_FEATURE_MEMBER_IMPORT_VISIBILITY = YES;
				SWIFT_VERSION = 5.0;
				TARGETED_DEVICE_FAMILY = 1;
			};
			name = Debug;
		};
		C7A1E00B3054000000A00001 /* Release */ = {
			isa = XCBuildConfiguration;
			buildSettings = {
				CODE_SIGN_STYLE = Automatic;
				CURRENT_PROJECT_VERSION = 1;
				DEVELOPMENT_TEAM = ZMGKDKRUW7;
				GENERATE_INFOPLIST_FILE = YES;
				INFOPLIST_FILE = OneTwentyLiveActivity/Info.plist;
				INFOPLIST_KEY_CFBundleDisplayName = OneTwenty;
				LD_RUNPATH_SEARCH_PATHS = (
					"$(inherited)",
					"@executable_path/Frameworks",
					"@executable_path/../../Frameworks",
				);
				MARKETING_VERSION = 1.0;
				PRODUCT_BUNDLE_IDENTIFIER = com.yagishi.onetwenty.LiveActivity;
				PRODUCT_NAME = "$(TARGET_NAME)";
				SKIP_INSTALL = YES;
				STRING_CATALOG_GENERATE_SYMBOLS = YES;
				SWIFT_APPROACHABLE_CONCURRENCY = YES;
				SWIFT_EMIT_LOC_STRINGS = YES;
				SWIFT_UPCOMING_FEATURE_MEMBER_IMPORT_VISIBILITY = YES;
				SWIFT_VERSION = 5.0;
				TARGETED_DEVICE_FAMILY = 1;
			};
			name = Release;
		};
/* End XCBuildConfiguration section */

/* Begin XCConfigurationList section */
		B691B3433053F2E8004CB48A /* Build configuration list for PBXProject "OneTwenty" */ = {
			isa = XCConfigurationList;
			buildConfigurations = (
				B691B3673053F2EA004CB48A /* Debug */,
				B691B3683053F2EA004CB48A /* Release */,
			);
			defaultConfigurationIsVisible = 0;
			defaultConfigurationName = Release;
		};
		B691B3693053F2EA004CB48A /* Build configuration list for PBXNativeTarget "OneTwenty" */ = {
			isa = XCConfigurationList;
			buildConfigurations = (
				B691B36A3053F2EA004CB48A /* Debug */,
				B691B36B3053F2EA004CB48A /* Release */,
			);
			defaultConfigurationIsVisible = 0;
			defaultConfigurationName = Release;
		};
		B691B36C3053F2EA004CB48A /* Build configuration list for PBXNativeTarget "OneTwentyTests" */ = {
			isa = XCConfigurationList;
			buildConfigurations = (
				B691B36D3053F2EA004CB48A /* Debug */,
				B691B36E3053F2EA004CB48A /* Release */,
			);
			defaultConfigurationIsVisible = 0;
			defaultConfigurationName = Release;
		};
		B691B36F3053F2EA004CB48A /* Build configuration list for PBXNativeTarget "OneTwentyUITests" */ = {
			isa = XCConfigurationList;
			buildConfigurations = (
				B691B3703053F2EA004CB48A /* Debug */,
				B691B3713053F2EA004CB48A /* Release */,
			);
			defaultConfigurationIsVisible = 0;
			defaultConfigurationName = Release;
		};
		C7A1E0093054000000A00001 /* Build configuration list for PBXNativeTarget "OneTwentyLiveActivity" */ = {
			isa = XCConfigurationList;
			buildConfigurations = (
				C7A1E00A3054000000A00001 /* Debug */,
				C7A1E00B3054000000A00001 /* Release */,
			);
			defaultConfigurationIsVisible = 0;
			defaultConfigurationName = Release;
		};
/* End XCConfigurationList section */
	};
	rootObject = B691B3403053F2E8004CB48A /* Project object */;
}
